
Microsoft Visual Studio Solution File, Format Version 12.00
# Visual Studio 2015
Project("{FAE04EC0-301F-11D3-BF4B-00C04F79EFBC}") = "Hotel.CSharp", "Hotel.CSharp.csproj", "{B3F5FBF5-0FE8-1A83-1C04-3A095C2BF02D}"
EndProject
Global
	GlobalSection(SolutionConfigurationPlatforms) = preSolution
		Debug|Any CPU = Debug|Any CPU
		Release|Any CPU = Release|Any CPU
	EndGlobalSection
	GlobalSection(ProjectConfigurationPlatforms) = postSolution
		{B3F5FBF5-0FE8-1A83-1C04-3A095C2BF02D}.Debug|Any CPU.ActiveCfg = Debug|Any CPU
		{B3F5FBF5-0FE8-1A83-1C04-3A095C2BF02D}.Debug|Any CPU.Build.0 = Debug|Any CPU
		{B3F5FBF5-0FE8-1A83-1C04-3A095C2BF02D}.Release|Any CPU.ActiveCfg = Release|Any CPU
		{B3F5FBF5-0FE8-1A83-1C04-3A095C2BF02D}.Release|Any CPU.Build.0 = Release|Any CPU
	EndGlobalSection
	GlobalSection(SolutionProperties) = preSolution
		HideSolutionNode = FALSE
	EndGlobalSection
EndGlobal
